
Microsoft Visual Studio Solution File, Format Version 12.00
# Visual Studio Version 16
VisualStudioVersion = 16.0.30413.136
MinimumVisualStudioVersion = 10.0.40219.1
Project("{888888A0-9F3D-457C-B088-3A5042F75D52}") = "Nikolai", "Nikolai\Nikolai.pyproj", "{83C70016-70F6-4871-9684-ACC8ED57C651}"
EndProject
Global
	GlobalSection(SolutionConfigurationPlatforms) = preSolution
		Debug|Any CPU = Debug|Any CPU
		Release|Any CPU = Release|Any CPU
	EndGlobalSection
	GlobalSection(ProjectConfigurationPlatforms) = postSolution
		{83C70016-70F6-4871-9684-ACC8ED57C651}.Debug|Any CPU.ActiveCfg = Debug|Any CPU
		{83C70016-70F6-4871-9684-ACC8ED57C651}.Release|Any CPU.ActiveCfg = Release|Any CPU
	EndGlobalSection
	GlobalSection(SolutionProperties) = preSolution
		HideSolutionNode = FALSE
	EndGlobalSection
	GlobalSection(ExtensibilityGlobals) = postSolution
		SolutionGuid = {A4606B4D-F24B-4019-921F-ED4ABF7D81E9}
	EndGlobalSection
EndGlobal
